
Microsoft Visual Studio Solution File, Format Version 10.00
# Visual Studio 2008
Project("{FAE04EC0-301F-11D3-BF4B-00C04F79EFBC}") = "Base", "Base\Base.csproj", "{355D9982-D6CF-4D43-B84C-0C70ACD55B2E}"
EndProject
Project("{FAE04EC0-301F-11D3-BF4B-00C04F79EFBC}") = "Rendering", "Rendering\Rendering.csproj", "{DE891509-B350-4CDB-B68E-B76DACB6CAFD}"
EndProject
Project("{FAE04EC0-301F-11D3-BF4B-00C04F79EFBC}") = "Model", "Model\Model.csproj", "{857385F0-7861-4D80-9D73-995A24FB8602}"
EndProject
Global
	GlobalSection(SolutionConfigurationPlatforms) = preSolution
		Debug|Any CPU = Debug|Any CPU
		Release|Any CPU = Release|Any CPU
	EndGlobalSection
	GlobalSection(ProjectConfigurationPlatforms) = postSolution
		{355D9982-D6CF-4D43-B84C-0C70ACD55B2E}.Debug|Any CPU.ActiveCfg = Debug|Any CPU
		{355D9982-D6CF-4D43-B84C-0C70ACD55B2E}.Debug|Any CPU.Build.0 = Debug|Any CPU
		{355D9982-D6CF-4D43-B84C-0C70ACD55B2E}.Release|Any CPU.ActiveCfg = Release|Any CPU
		{355D9982-D6CF-4D43-B84C-0C70ACD55B2E}.Release|Any CPU.Build.0 = Release|Any CPU
		{DE891509-B350-4CDB-B68E-B76DACB6CAFD}.Debug|Any CPU.ActiveCfg = Debug|Any CPU
		{DE891509-B350-4CDB-B68E-B76DACB6CAFD}.Debug|Any CPU.Build.0 = Debug|Any CPU
		{DE891509-B350-4CDB-B68E-B76DACB6CAFD}.Release|Any CPU.ActiveCfg = Release|Any CPU
		{DE891509-B350-4CDB-B68E-B76DACB6CAFD}.Release|Any CPU.Build.0 = Release|Any CPU
		{857385F0-7861-4D80-9D73-995A24FB8602}.Debug|Any CPU.ActiveCfg = Debug|Any CPU
		{857385F0-7861-4D80-9D73-995A24FB8602}.Debug|Any CPU.Build.0 = Debug|Any CPU
		{857385F0-7861-4D80-9D73-995A24FB8602}.Release|Any CPU.ActiveCfg = Release|Any CPU
		{857385F0-7861-4D80-9D73-995A24FB8602}.Release|Any CPU.Build.0 = Release|Any CPU
	EndGlobalSection
	GlobalSection(SolutionProperties) = preSolution
		HideSolutionNode = FALSE
	EndGlobalSection
EndGlobal
