
Microsoft Visual Studio Solution File, Format Version 10.00
# Visual Studio 2008
Project("{FAE04EC0-301F-11D3-BF4B-00C04F79EFBC}") = "Plotting", "Plotting\Plotting.csproj", "{2235DD77-21A7-40AE-9384-0C56DE649540}"
EndProject
Project("{FAE04EC0-301F-11D3-BF4B-00C04F79EFBC}") = "Model", "Modeling\Modeling.csproj", "{857385F0-7861-4D80-9D73-995A24FB8602}"
EndProject
Project("{FAE04EC0-301F-11D3-BF4B-00C04F79EFBC}") = "Rendering", "Rendering\Rendering.csproj", "{DE891509-B350-4CDB-B68E-B76DACB6CAFD}"
EndProject
Project("{FAE04EC0-301F-11D3-BF4B-00C04F79EFBC}") = "Base", "Base\Base.csproj", "{355D9982-D6CF-4D43-B84C-0C70ACD55B2E}"
EndProject
Project("{FAE04EC0-301F-11D3-BF4B-00C04F79EFBC}") = "PlottingTest", "PlottingTest\PlottingTest.csproj", "{458B12ED-A4FB-4596-AF6D-A8F0CB051077}"
EndProject
Project("{FAE04EC0-301F-11D3-BF4B-00C04F79EFBC}") = "Framework", "Framework\Framework.csproj", "{88CBD331-92E5-4424-BC71-8AE23596C4EB}"
EndProject
Project("{FAE04EC0-301F-11D3-BF4B-00C04F79EFBC}") = "Resources", "Resources\Resources.csproj", "{7CAFE758-2D16-4AE8-8A53-D74C13433AAC}"
EndProject
Project("{FAE04EC0-301F-11D3-BF4B-00C04F79EFBC}") = "GuiGtk", "GuiGtk\GuiGtk.csproj", "{93981ADD-F7E7-45F1-934F-13B2EB7088DC}"
EndProject
Project("{FAE04EC0-301F-11D3-BF4B-00C04F79EFBC}") = "DemoGtk", "DemoGtk\DemoGtk.csproj", "{03901B82-65B6-4112-B3CF-CE4E9DFC363B}"
EndProject
Project("{FAE04EC0-301F-11D3-BF4B-00C04F79EFBC}") = "StudioGtk", "StudioGtk\StudioGtk.csproj", "{2F9846DA-BCB9-4D21-B298-F3832FF10F9D}"
EndProject
Project("{FAE04EC0-301F-11D3-BF4B-00C04F79EFBC}") = "Workbench", "Workbench\Workbench.csproj", "{4E44159F-40EE-4318-805B-07BB0A6B9052}"
EndProject
Global
	GlobalSection(SolutionConfigurationPlatforms) = preSolution
		Debug|Any CPU = Debug|Any CPU
		Release|Any CPU = Release|Any CPU
	EndGlobalSection
	GlobalSection(ProjectConfigurationPlatforms) = postSolution
		{03901B82-65B6-4112-B3CF-CE4E9DFC363B}.Debug|Any CPU.ActiveCfg = Debug|Any CPU
		{03901B82-65B6-4112-B3CF-CE4E9DFC363B}.Debug|Any CPU.Build.0 = Debug|Any CPU
		{03901B82-65B6-4112-B3CF-CE4E9DFC363B}.Release|Any CPU.ActiveCfg = Debug|Any CPU
		{03901B82-65B6-4112-B3CF-CE4E9DFC363B}.Release|Any CPU.Build.0 = Debug|Any CPU
		{2235DD77-21A7-40AE-9384-0C56DE649540}.Debug|Any CPU.ActiveCfg = Debug|Any CPU
		{2235DD77-21A7-40AE-9384-0C56DE649540}.Debug|Any CPU.Build.0 = Debug|Any CPU
		{2235DD77-21A7-40AE-9384-0C56DE649540}.Release|Any CPU.ActiveCfg = Release|Any CPU
		{2235DD77-21A7-40AE-9384-0C56DE649540}.Release|Any CPU.Build.0 = Release|Any CPU
		{2F9846DA-BCB9-4D21-B298-F3832FF10F9D}.Debug|Any CPU.ActiveCfg = Debug|Any CPU
		{2F9846DA-BCB9-4D21-B298-F3832FF10F9D}.Debug|Any CPU.Build.0 = Debug|Any CPU
		{2F9846DA-BCB9-4D21-B298-F3832FF10F9D}.Release|Any CPU.ActiveCfg = WpfDebug|Any CPU
		{2F9846DA-BCB9-4D21-B298-F3832FF10F9D}.Release|Any CPU.Build.0 = WpfDebug|Any CPU
		{355D9982-D6CF-4D43-B84C-0C70ACD55B2E}.Debug|Any CPU.ActiveCfg = Debug|Any CPU
		{355D9982-D6CF-4D43-B84C-0C70ACD55B2E}.Debug|Any CPU.Build.0 = Debug|Any CPU
		{355D9982-D6CF-4D43-B84C-0C70ACD55B2E}.Release|Any CPU.ActiveCfg = Release|Any CPU
		{355D9982-D6CF-4D43-B84C-0C70ACD55B2E}.Release|Any CPU.Build.0 = Release|Any CPU
		{458B12ED-A4FB-4596-AF6D-A8F0CB051077}.Debug|Any CPU.ActiveCfg = Debug|Any CPU
		{458B12ED-A4FB-4596-AF6D-A8F0CB051077}.Debug|Any CPU.Build.0 = Debug|Any CPU
		{458B12ED-A4FB-4596-AF6D-A8F0CB051077}.Release|Any CPU.ActiveCfg = Release|Any CPU
		{458B12ED-A4FB-4596-AF6D-A8F0CB051077}.Release|Any CPU.Build.0 = Release|Any CPU
		{4E44159F-40EE-4318-805B-07BB0A6B9052}.Debug|Any CPU.ActiveCfg = Debug|Any CPU
		{4E44159F-40EE-4318-805B-07BB0A6B9052}.Debug|Any CPU.Build.0 = Debug|Any CPU
		{4E44159F-40EE-4318-805B-07BB0A6B9052}.Release|Any CPU.ActiveCfg = Release|Any CPU
		{4E44159F-40EE-4318-805B-07BB0A6B9052}.Release|Any CPU.Build.0 = Release|Any CPU
		{7CAFE758-2D16-4AE8-8A53-D74C13433AAC}.Debug|Any CPU.ActiveCfg = Debug|Any CPU
		{7CAFE758-2D16-4AE8-8A53-D74C13433AAC}.Debug|Any CPU.Build.0 = Debug|Any CPU
		{7CAFE758-2D16-4AE8-8A53-D74C13433AAC}.Release|Any CPU.ActiveCfg = Release|Any CPU
		{7CAFE758-2D16-4AE8-8A53-D74C13433AAC}.Release|Any CPU.Build.0 = Release|Any CPU
		{857385F0-7861-4D80-9D73-995A24FB8602}.Debug|Any CPU.ActiveCfg = Debug|Any CPU
		{857385F0-7861-4D80-9D73-995A24FB8602}.Debug|Any CPU.Build.0 = Debug|Any CPU
		{857385F0-7861-4D80-9D73-995A24FB8602}.Release|Any CPU.ActiveCfg = WpfDebug|Any CPU
		{857385F0-7861-4D80-9D73-995A24FB8602}.Release|Any CPU.Build.0 = WpfDebug|Any CPU
		{88CBD331-92E5-4424-BC71-8AE23596C4EB}.Debug|Any CPU.ActiveCfg = Debug|Any CPU
		{88CBD331-92E5-4424-BC71-8AE23596C4EB}.Debug|Any CPU.Build.0 = Debug|Any CPU
		{88CBD331-92E5-4424-BC71-8AE23596C4EB}.Release|Any CPU.ActiveCfg = Release|Any CPU
		{88CBD331-92E5-4424-BC71-8AE23596C4EB}.Release|Any CPU.Build.0 = Release|Any CPU
		{93981ADD-F7E7-45F1-934F-13B2EB7088DC}.Debug|Any CPU.ActiveCfg = Debug|Any CPU
		{93981ADD-F7E7-45F1-934F-13B2EB7088DC}.Debug|Any CPU.Build.0 = Debug|Any CPU
		{93981ADD-F7E7-45F1-934F-13B2EB7088DC}.Release|Any CPU.ActiveCfg = GtkDebug|Any CPU
		{93981ADD-F7E7-45F1-934F-13B2EB7088DC}.Release|Any CPU.Build.0 = GtkDebug|Any CPU
		{DE891509-B350-4CDB-B68E-B76DACB6CAFD}.Debug|Any CPU.ActiveCfg = Debug|Any CPU
		{DE891509-B350-4CDB-B68E-B76DACB6CAFD}.Debug|Any CPU.Build.0 = Debug|Any CPU
		{DE891509-B350-4CDB-B68E-B76DACB6CAFD}.Release|Any CPU.ActiveCfg = Release|Any CPU
		{DE891509-B350-4CDB-B68E-B76DACB6CAFD}.Release|Any CPU.Build.0 = Release|Any CPU
	EndGlobalSection
	GlobalSection(MonoDevelopProperties) = preSolution
		version = 0.1
		StartupItem = StudioGtk\StudioGtk.csproj
		name = MonoWorks
		MonoDevelop.ChangeLogAddIn.ChangeLogInfo = $0
		$0.policy = UpdateNearestChangeLog
	EndGlobalSection
	GlobalSection(SubversionScc) = preSolution
		Svn-Managed = True
		Manager = AnkhSVN - Subversion Support for Visual Studio
	EndGlobalSection
	GlobalSection(SolutionProperties) = preSolution
		HideSolutionNode = FALSE
	EndGlobalSection
EndGlobal
