
Microsoft Visual Studio Solution File, Format Version 10.00
# Visual Studio 2008
Project("{FAE04EC0-301F-11D3-BF4B-00C04F79EFBC}") = "Plotting", "Plotting\Plotting.csproj", "{2235DD77-21A7-40AE-9384-0C56DE649540}"
EndProject
Project("{FAE04EC0-301F-11D3-BF4B-00C04F79EFBC}") = "Modeling", "Modeling\Modeling.csproj", "{857385F0-7861-4D80-9D73-995A24FB8602}"
EndProject
Project("{FAE04EC0-301F-11D3-BF4B-00C04F79EFBC}") = "Rendering", "Rendering\Rendering.csproj", "{DE891509-B350-4CDB-B68E-B76DACB6CAFD}"
EndProject
Project("{FAE04EC0-301F-11D3-BF4B-00C04F79EFBC}") = "Base", "Base\Base.csproj", "{355D9982-D6CF-4D43-B84C-0C70ACD55B2E}"
EndProject
Project("{FAE04EC0-301F-11D3-BF4B-00C04F79EFBC}") = "Controls", "Controls\Controls.csproj", "{784C93E6-C181-4328-934B-449066348931}"
EndProject
Project("{FAE04EC0-301F-11D3-BF4B-00C04F79EFBC}") = "Demo", "Demo\Demo.csproj", "{A1C2EA7B-F619-44DE-830A-114140AD3C03}"
EndProject
Project("{FAE04EC0-301F-11D3-BF4B-00C04F79EFBC}") = "Studio", "Studio\Studio.csproj", "{C6746A8A-5A82-40A9-9201-5FEB3E1A8854}"
EndProject
Project("{2150E333-8FDC-42A3-9474-1A3956D46DE8}") = "Winforms", "Winforms", "{0D817F9C-C4D6-4C99-A548-B661424362A2}"
EndProject
Project("{FAE04EC0-301F-11D3-BF4B-00C04F79EFBC}") = "Backend", "Winforms\Backend\Backend.csproj", "{EEE37458-9824-4938-A2AC-B9E877405FD1}"
EndProject
Project("{2150E333-8FDC-42A3-9474-1A3956D46DE8}") = "Wpf", "Wpf", "{B1ECC63E-C3E3-428A-ADA9-8A2C98817C4E}"
EndProject
Project("{FAE04EC0-301F-11D3-BF4B-00C04F79EFBC}") = "Backend", "Wpf\Backend\Backend.csproj", "{DA0BF6C7-FDC9-474B-B8CD-E9DE12085C60}"
EndProject
Project("{FAE04EC0-301F-11D3-BF4B-00C04F79EFBC}") = "Studio", "Wpf\Studio\Studio.csproj", "{E9B921AC-9AAF-4AE9-AD20-1B5015F45274}"
EndProject
Project("{FAE04EC0-301F-11D3-BF4B-00C04F79EFBC}") = "Demo", "Wpf\Demo\Demo.csproj", "{9B52CB99-58BF-4F59-8754-19F5F187D23E}"
EndProject
Global
	GlobalSection(SolutionConfigurationPlatforms) = preSolution
		Debug|Any CPU = Debug|Any CPU
		GtkDebug|Any CPU = GtkDebug|Any CPU
		Release|Any CPU = Release|Any CPU
		WpfDebug|Any CPU = WpfDebug|Any CPU
	EndGlobalSection
	GlobalSection(ProjectConfigurationPlatforms) = postSolution
		{2235DD77-21A7-40AE-9384-0C56DE649540}.Debug|Any CPU.ActiveCfg = Debug|Any CPU
		{2235DD77-21A7-40AE-9384-0C56DE649540}.Debug|Any CPU.Build.0 = Debug|Any CPU
		{2235DD77-21A7-40AE-9384-0C56DE649540}.GtkDebug|Any CPU.ActiveCfg = GtkDebug|Any CPU
		{2235DD77-21A7-40AE-9384-0C56DE649540}.GtkDebug|Any CPU.Build.0 = GtkDebug|Any CPU
		{2235DD77-21A7-40AE-9384-0C56DE649540}.Release|Any CPU.ActiveCfg = Release|Any CPU
		{2235DD77-21A7-40AE-9384-0C56DE649540}.Release|Any CPU.Build.0 = Release|Any CPU
		{2235DD77-21A7-40AE-9384-0C56DE649540}.WpfDebug|Any CPU.ActiveCfg = WpfDebug|Any CPU
		{2235DD77-21A7-40AE-9384-0C56DE649540}.WpfDebug|Any CPU.Build.0 = WpfDebug|Any CPU
		{857385F0-7861-4D80-9D73-995A24FB8602}.Debug|Any CPU.ActiveCfg = WpfDebug|Any CPU
		{857385F0-7861-4D80-9D73-995A24FB8602}.Debug|Any CPU.Build.0 = WpfDebug|Any CPU
		{857385F0-7861-4D80-9D73-995A24FB8602}.GtkDebug|Any CPU.ActiveCfg = GtkDebug|Any CPU
		{857385F0-7861-4D80-9D73-995A24FB8602}.GtkDebug|Any CPU.Build.0 = GtkDebug|Any CPU
		{857385F0-7861-4D80-9D73-995A24FB8602}.Release|Any CPU.ActiveCfg = WpfDebug|Any CPU
		{857385F0-7861-4D80-9D73-995A24FB8602}.Release|Any CPU.Build.0 = WpfDebug|Any CPU
		{857385F0-7861-4D80-9D73-995A24FB8602}.WpfDebug|Any CPU.ActiveCfg = WpfDebug|Any CPU
		{857385F0-7861-4D80-9D73-995A24FB8602}.WpfDebug|Any CPU.Build.0 = WpfDebug|Any CPU
		{DE891509-B350-4CDB-B68E-B76DACB6CAFD}.Debug|Any CPU.ActiveCfg = Debug|Any CPU
		{DE891509-B350-4CDB-B68E-B76DACB6CAFD}.Debug|Any CPU.Build.0 = Debug|Any CPU
		{DE891509-B350-4CDB-B68E-B76DACB6CAFD}.GtkDebug|Any CPU.ActiveCfg = GtkDebug|Any CPU
		{DE891509-B350-4CDB-B68E-B76DACB6CAFD}.GtkDebug|Any CPU.Build.0 = GtkDebug|Any CPU
		{DE891509-B350-4CDB-B68E-B76DACB6CAFD}.Release|Any CPU.ActiveCfg = Release|Any CPU
		{DE891509-B350-4CDB-B68E-B76DACB6CAFD}.Release|Any CPU.Build.0 = Release|Any CPU
		{DE891509-B350-4CDB-B68E-B76DACB6CAFD}.WpfDebug|Any CPU.ActiveCfg = WpfDebug|Any CPU
		{DE891509-B350-4CDB-B68E-B76DACB6CAFD}.WpfDebug|Any CPU.Build.0 = WpfDebug|Any CPU
		{355D9982-D6CF-4D43-B84C-0C70ACD55B2E}.Debug|Any CPU.ActiveCfg = Debug|Any CPU
		{355D9982-D6CF-4D43-B84C-0C70ACD55B2E}.Debug|Any CPU.Build.0 = Debug|Any CPU
		{355D9982-D6CF-4D43-B84C-0C70ACD55B2E}.GtkDebug|Any CPU.ActiveCfg = GtkDebug|Any CPU
		{355D9982-D6CF-4D43-B84C-0C70ACD55B2E}.GtkDebug|Any CPU.Build.0 = GtkDebug|Any CPU
		{355D9982-D6CF-4D43-B84C-0C70ACD55B2E}.Release|Any CPU.ActiveCfg = Release|Any CPU
		{355D9982-D6CF-4D43-B84C-0C70ACD55B2E}.Release|Any CPU.Build.0 = Release|Any CPU
		{355D9982-D6CF-4D43-B84C-0C70ACD55B2E}.WpfDebug|Any CPU.ActiveCfg = WpfDebug|Any CPU
		{355D9982-D6CF-4D43-B84C-0C70ACD55B2E}.WpfDebug|Any CPU.Build.0 = WpfDebug|Any CPU
		{784C93E6-C181-4328-934B-449066348931}.Debug|Any CPU.ActiveCfg = Debug|Any CPU
		{784C93E6-C181-4328-934B-449066348931}.Debug|Any CPU.Build.0 = Debug|Any CPU
		{784C93E6-C181-4328-934B-449066348931}.GtkDebug|Any CPU.ActiveCfg = Debug|Any CPU
		{784C93E6-C181-4328-934B-449066348931}.GtkDebug|Any CPU.Build.0 = Debug|Any CPU
		{784C93E6-C181-4328-934B-449066348931}.Release|Any CPU.ActiveCfg = Release|Any CPU
		{784C93E6-C181-4328-934B-449066348931}.Release|Any CPU.Build.0 = Release|Any CPU
		{784C93E6-C181-4328-934B-449066348931}.WpfDebug|Any CPU.ActiveCfg = Debug|Any CPU
		{784C93E6-C181-4328-934B-449066348931}.WpfDebug|Any CPU.Build.0 = Debug|Any CPU
		{A1C2EA7B-F619-44DE-830A-114140AD3C03}.Debug|Any CPU.ActiveCfg = Debug|Any CPU
		{A1C2EA7B-F619-44DE-830A-114140AD3C03}.Debug|Any CPU.Build.0 = Debug|Any CPU
		{A1C2EA7B-F619-44DE-830A-114140AD3C03}.GtkDebug|Any CPU.ActiveCfg = Debug|Any CPU
		{A1C2EA7B-F619-44DE-830A-114140AD3C03}.GtkDebug|Any CPU.Build.0 = Debug|Any CPU
		{A1C2EA7B-F619-44DE-830A-114140AD3C03}.Release|Any CPU.ActiveCfg = Release|Any CPU
		{A1C2EA7B-F619-44DE-830A-114140AD3C03}.Release|Any CPU.Build.0 = Release|Any CPU
		{A1C2EA7B-F619-44DE-830A-114140AD3C03}.WpfDebug|Any CPU.ActiveCfg = Debug|Any CPU
		{A1C2EA7B-F619-44DE-830A-114140AD3C03}.WpfDebug|Any CPU.Build.0 = Debug|Any CPU
		{C6746A8A-5A82-40A9-9201-5FEB3E1A8854}.Debug|Any CPU.ActiveCfg = Debug|Any CPU
		{C6746A8A-5A82-40A9-9201-5FEB3E1A8854}.Debug|Any CPU.Build.0 = Debug|Any CPU
		{C6746A8A-5A82-40A9-9201-5FEB3E1A8854}.GtkDebug|Any CPU.ActiveCfg = Debug|Any CPU
		{C6746A8A-5A82-40A9-9201-5FEB3E1A8854}.GtkDebug|Any CPU.Build.0 = Debug|Any CPU
		{C6746A8A-5A82-40A9-9201-5FEB3E1A8854}.Release|Any CPU.ActiveCfg = Release|Any CPU
		{C6746A8A-5A82-40A9-9201-5FEB3E1A8854}.Release|Any CPU.Build.0 = Release|Any CPU
		{C6746A8A-5A82-40A9-9201-5FEB3E1A8854}.WpfDebug|Any CPU.ActiveCfg = Debug|Any CPU
		{C6746A8A-5A82-40A9-9201-5FEB3E1A8854}.WpfDebug|Any CPU.Build.0 = Debug|Any CPU
		{EEE37458-9824-4938-A2AC-B9E877405FD1}.Debug|Any CPU.ActiveCfg = Debug|Any CPU
		{EEE37458-9824-4938-A2AC-B9E877405FD1}.Debug|Any CPU.Build.0 = Debug|Any CPU
		{EEE37458-9824-4938-A2AC-B9E877405FD1}.GtkDebug|Any CPU.ActiveCfg = Debug|Any CPU
		{EEE37458-9824-4938-A2AC-B9E877405FD1}.GtkDebug|Any CPU.Build.0 = Debug|Any CPU
		{EEE37458-9824-4938-A2AC-B9E877405FD1}.Release|Any CPU.ActiveCfg = Release|Any CPU
		{EEE37458-9824-4938-A2AC-B9E877405FD1}.Release|Any CPU.Build.0 = Release|Any CPU
		{EEE37458-9824-4938-A2AC-B9E877405FD1}.WpfDebug|Any CPU.ActiveCfg = Debug|Any CPU
		{EEE37458-9824-4938-A2AC-B9E877405FD1}.WpfDebug|Any CPU.Build.0 = Debug|Any CPU
		{DA0BF6C7-FDC9-474B-B8CD-E9DE12085C60}.Debug|Any CPU.ActiveCfg = Debug|Any CPU
		{DA0BF6C7-FDC9-474B-B8CD-E9DE12085C60}.Debug|Any CPU.Build.0 = Debug|Any CPU
		{DA0BF6C7-FDC9-474B-B8CD-E9DE12085C60}.GtkDebug|Any CPU.ActiveCfg = GtkDebug|Any CPU
		{DA0BF6C7-FDC9-474B-B8CD-E9DE12085C60}.GtkDebug|Any CPU.Build.0 = GtkDebug|Any CPU
		{DA0BF6C7-FDC9-474B-B8CD-E9DE12085C60}.Release|Any CPU.ActiveCfg = Release|Any CPU
		{DA0BF6C7-FDC9-474B-B8CD-E9DE12085C60}.Release|Any CPU.Build.0 = Release|Any CPU
		{DA0BF6C7-FDC9-474B-B8CD-E9DE12085C60}.WpfDebug|Any CPU.ActiveCfg = WpfDebug|Any CPU
		{DA0BF6C7-FDC9-474B-B8CD-E9DE12085C60}.WpfDebug|Any CPU.Build.0 = WpfDebug|Any CPU
		{E9B921AC-9AAF-4AE9-AD20-1B5015F45274}.Debug|Any CPU.ActiveCfg = Debug|Any CPU
		{E9B921AC-9AAF-4AE9-AD20-1B5015F45274}.Debug|Any CPU.Build.0 = Debug|Any CPU
		{E9B921AC-9AAF-4AE9-AD20-1B5015F45274}.GtkDebug|Any CPU.ActiveCfg = GtkDebug|Any CPU
		{E9B921AC-9AAF-4AE9-AD20-1B5015F45274}.GtkDebug|Any CPU.Build.0 = GtkDebug|Any CPU
		{E9B921AC-9AAF-4AE9-AD20-1B5015F45274}.Release|Any CPU.ActiveCfg = Release|Any CPU
		{E9B921AC-9AAF-4AE9-AD20-1B5015F45274}.Release|Any CPU.Build.0 = Release|Any CPU
		{E9B921AC-9AAF-4AE9-AD20-1B5015F45274}.WpfDebug|Any CPU.ActiveCfg = WpfDebug|Any CPU
		{E9B921AC-9AAF-4AE9-AD20-1B5015F45274}.WpfDebug|Any CPU.Build.0 = WpfDebug|Any CPU
		{9B52CB99-58BF-4F59-8754-19F5F187D23E}.Debug|Any CPU.ActiveCfg = Debug|Any CPU
		{9B52CB99-58BF-4F59-8754-19F5F187D23E}.Debug|Any CPU.Build.0 = Debug|Any CPU
		{9B52CB99-58BF-4F59-8754-19F5F187D23E}.GtkDebug|Any CPU.ActiveCfg = GtkDebug|Any CPU
		{9B52CB99-58BF-4F59-8754-19F5F187D23E}.GtkDebug|Any CPU.Build.0 = GtkDebug|Any CPU
		{9B52CB99-58BF-4F59-8754-19F5F187D23E}.Release|Any CPU.ActiveCfg = Release|Any CPU
		{9B52CB99-58BF-4F59-8754-19F5F187D23E}.Release|Any CPU.Build.0 = Release|Any CPU
		{9B52CB99-58BF-4F59-8754-19F5F187D23E}.WpfDebug|Any CPU.ActiveCfg = WpfDebug|Any CPU
		{9B52CB99-58BF-4F59-8754-19F5F187D23E}.WpfDebug|Any CPU.Build.0 = WpfDebug|Any CPU
	EndGlobalSection
	GlobalSection(SolutionProperties) = preSolution
		HideSolutionNode = FALSE
	EndGlobalSection
	GlobalSection(NestedProjects) = preSolution
		{EEE37458-9824-4938-A2AC-B9E877405FD1} = {0D817F9C-C4D6-4C99-A548-B661424362A2}
		{DA0BF6C7-FDC9-474B-B8CD-E9DE12085C60} = {B1ECC63E-C3E3-428A-ADA9-8A2C98817C4E}
		{E9B921AC-9AAF-4AE9-AD20-1B5015F45274} = {B1ECC63E-C3E3-428A-ADA9-8A2C98817C4E}
		{9B52CB99-58BF-4F59-8754-19F5F187D23E} = {B1ECC63E-C3E3-428A-ADA9-8A2C98817C4E}
	EndGlobalSection
	GlobalSection(SubversionScc) = preSolution
		Svn-Managed = True
		Manager = AnkhSVN - Subversion Support for Visual Studio
	EndGlobalSection
	GlobalSection(MonoDevelopProperties) = preSolution
		version = 0.1
		StartupItem = StudioGtk\StudioGtk.csproj
		name = MonoWorks
		MonoDevelop.ChangeLogAddIn.ChangeLogInfo = $0
		$0.policy = UpdateNearestChangeLog
	EndGlobalSection
EndGlobal
